
Microsoft Visual Studio Solution File, Format Version 12.00
# Visual Studio Version 16
VisualStudioVersion = 25.0.1700.0
MinimumVisualStudioVersion = 10.0.40219.1
Project("{FAE04EC0-301F-11D3-BF4B-00C04F79EFBC}") = "RockPaperScissors", "RockPaperScissors\RockPaperScissors.csproj", "{C67AC270-C11D-4DAA-8534-10C9F1E94C08}"
EndProject
Global
	GlobalSection(SolutionConfigurationPlatforms) = preSolution
		Debug|Any CPU = Debug|Any CPU
		Release|Any CPU = Release|Any CPU
	EndGlobalSection
	GlobalSection(ProjectConfigurationPlatforms) = postSolution
		{C67AC270-C11D-4DAA-8534-10C9F1E94C08}.Debug|Any CPU.ActiveCfg = Debug|Any CPU
		{C67AC270-C11D-4DAA-8534-10C9F1E94C08}.Debug|Any CPU.Build.0 = Debug|Any CPU
		{C67AC270-C11D-4DAA-8534-10C9F1E94C08}.Release|Any CPU.ActiveCfg = Release|Any CPU
		{C67AC270-C11D-4DAA-8534-10C9F1E94C08}.Release|Any CPU.Build.0 = Release|Any CPU
	EndGlobalSection
	GlobalSection(SolutionProperties) = preSolution
		HideSolutionNode = FALSE
	EndGlobalSection
	GlobalSection(ExtensibilityGlobals) = postSolution
		SolutionGuid = {F235DDAC-41CA-448A-A194-8D14FBCB70DA}
	EndGlobalSection
EndGlobal
